
Microsoft Visual Studio Solution File, Format Version 12.00
# Visual Studio 14
VisualStudioVersion = 14.0.25123.0
MinimumVisualStudioVersion = 10.0.40219.1
Project("{D954291E-2A0B-460D-934E-DC6B0785DB48}") = "src", "src.shproj", "{758FAF92-8726-421B-8F81-1B5A84C57AEE}"
EndProject
Global
	GlobalSection(SharedMSBuildProjectFiles) = preSolution
		src.projitems*{758faf92-8726-421b-8f81-1b5a84c57aee}*SharedItemsImports = 13
	EndGlobalSection
	GlobalSection(SolutionProperties) = preSolution
		HideSolutionNode = FALSE
	EndGlobalSection
EndGlobal
